// !$*UTF8*$!
{
	archiveVersion = 1;
	classes = {
	};
	objectVersion = 54;
	objects = {

/* Begin PBXBuildFile section */
		8C3008FD258AFFC800EDCF44 /* johoViewController.swift in Sources */ = {isa = PBXBuildFile; fileRef = 8C3008FC258AFFC800EDCF44 /* johoViewController.swift */; };
		8C35493B257765C5005A84D8 /* qrViewController.swift in Sources */ = {isa = PBXBuildFile; fileRef = 8C35493A257765C5005A84D8 /* qrViewController.swift */; };
		8C354940257A2349005A84D8 /* calViewController.swift in Sources */ = {isa = PBXBuildFile; fileRef = 8C35493F257A2349005A84D8 /* calViewController.swift */; };
		8CBD10A8255D242200E7D31F /* AppDelegate.swift in Sources */ = {isa = PBXBuildFile; fileRef = 8CBD10A7255D242200E7D31F /* AppDelegate.swift */; };
		8CBD10AA255D242200E7D31F /* SceneDelegate.swift in Sources */ = {isa = PBXBuildFile; fileRef = 8CBD10A9255D242200E7D31F /* SceneDelegate.swift */; };
		8CBD10AC255D242200E7D31F /* ViewController.swift in Sources */ = {isa = PBXBuildFile; fileRef = 8CBD10AB255D242200E7D31F /* ViewController.swift */; };
		8CBD10AF255D242200E7D31F /* Main.storyboard in Resources */ = {isa = PBXBuildFile; fileRef = 8CBD10AD255D242200E7D31F /* Main.storyboard */; };
		8CBD10B1255D242400E7D31F /* Assets.xcassets in Resources */ = {isa = PBXBuildFile; fileRef = 8CBD10B0255D242400E7D31F /* Assets.xcassets */; };
		8CBD10B4255D242400E7D31F /* LaunchScreen.storyboard in Resources */ = {isa = PBXBuildFile; fileRef = 8CBD10B2255D242400E7D31F /* LaunchScreen.storyboard */; };
		8CC1E7ED258D8144006BAE1C /* tabViewController.swift in Sources */ = {isa = PBXBuildFile; fileRef = 8CC1E7EC258D8144006BAE1C /* tabViewController.swift */; };
		D0BD6815644DC977A692ECA8 /* Pods_kenon.framework in Frameworks */ = {isa = PBXBuildFile; fileRef = DB63FB82ABEF6CE06023517B /* Pods_kenon.framework */; };
/* End PBXBuildFile section */

/* Begin PBXFileReference section */
		8C3008FC258AFFC800EDCF44 /* johoViewController.swift */ = {isa = PBXFileReference; lastKnownFileType = sourcecode.swift; path = johoViewController.swift; sourceTree = "<group>"; };
		8C35493A257765C5005A84D8 /* qrViewController.swift */ = {isa = PBXFileReference; lastKnownFileType = sourcecode.swift; path = qrViewController.swift; sourceTree = "<group>"; };
		8C35493F257A2349005A84D8 /* calViewController.swift */ = {isa = PBXFileReference; lastKnownFileType = sourcecode.swift; path = calViewController.swift; sourceTree = "<group>"; };
		8CBD10A4255D242200E7D31F /* kenon.app */ = {isa = PBXFileReference; explicitFileType = wrapper.application; includeInIndex = 0; path = kenon.app; sourceTree = BUILT_PRODUCTS_DIR; };
		8CBD10A7255D242200E7D31F /* AppDelegate.swift */ = {isa = PBXFileReference; lastKnownFileType = sourcecode.swift; path = AppDelegate.swift; sourceTree = "<group>"; };
		8CBD10A9255D242200E7D31F /* SceneDelegate.swift */ = {isa = PBXFileReference; lastKnownFileType = sourcecode.swift; path = SceneDelegate.swift; sourceTree = "<group>"; };
		8CBD10AB255D242200E7D31F /* ViewController.swift */ = {isa = PBXFileReference; lastKnownFileType = sourcecode.swift; path = ViewController.swift; sourceTree = "<group>"; };
		8CBD10AE255D242200E7D31F /* Base */ = {isa = PBXFileReference; lastKnownFileType = file.storyboard; name = Base; path = Base.lproj/Main.storyboard; sourceTree = "<group>"; };
		8CBD10B0255D242400E7D31F /* Assets.xcassets */ = {isa = PBXFileReference; lastKnownFileType = folder.assetcatalog; path = Assets.xcassets; sourceTree = "<group>"; };
		8CBD10B3255D242400E7D31F /* Base */ = {isa = PBXFileReference; lastKnownFileType = file.storyboard; name = Base; path = Base.lproj/LaunchScreen.storyboard; sourceTree = "<group>"; };
		8CBD10B5255D242400E7D31F /* Info.plist */ = {isa = PBXFileReference; lastKnownFileType = text.plist.xml; path = Info.plist; sourceTree = "<group>"; };
		8CC1E7EC258D8144006BAE1C /* tabViewController.swift */ = {isa = PBXFileReference; lastKnownFileType = sourcecode.swift; path = tabViewController.swift; sourceTree = "<group>"; };
		AC5A0334A10ABD9004E85242 /* Pods-kenon.debug.xcconfig */ = {isa = PBXFileReference; includeInIndex = 1; lastKnownFileType = text.xcconfig; name = "Pods-kenon.debug.xcconfig"; path = "Target Support Files/Pods-kenon/Pods-kenon.debug.xcconfig"; sourceTree = "<group>"; };
		AEA73E0EC1D91A3366855A0F /* Pods-kenon.release.xcconfig */ = {isa = PBXFileReference; includeInIndex = 1; lastKnownFileType = text.xcconfig; name = "Pods-kenon.release.xcconfig"; path = "Target Support Files/Pods-kenon/Pods-kenon.release.xcconfig"; sourceTree = "<group>"; };
		DB63FB82ABEF6CE06023517B /* Pods_kenon.framework */ = {isa = PBXFileReference; explicitFileType = wrapper.framework; includeInIndex = 0; path = Pods_kenon.framework; sourceTree = BUILT_PRODUCTS_DIR; };
/* End PBXFileReference section */

/* Begin PBXFrameworksBuildPhase section */
		8CBD10A1255D242200E7D31F /* Frameworks */ = {
			isa = PBXFrameworksBuildPhase;
			buildActionMask = 2147483647;
			files = (
				D0BD6815644DC977A692ECA8 /* Pods_kenon.framework in Frameworks */,
			);
			runOnlyForDeploymentPostprocessing = 0;
		};
/* End PBXFrameworksBuildPhase section */

/* Begin PBXGroup section */
		0B36DC308D5CBE95C199BF1D /* Pods */ = {
			isa = PBXGroup;
			children = (
				AC5A0334A10ABD9004E85242 /* Pods-kenon.debug.xcconfig */,
				AEA73E0EC1D91A3366855A0F /* Pods-kenon.release.xcconfig */,
			);
			path = Pods;
			sourceTree = "<group>";
		};
		4B64A537D13758163DCA8446 /* Frameworks */ = {
			isa = PBXGroup;
			children = (
				DB63FB82ABEF6CE06023517B /* Pods_kenon.framework */,
			);
			name = Frameworks;
			sourceTree = "<group>";
		};
		8CBD109B255D242200E7D31F = {
			isa = PBXGroup;
			children = (
				8CBD10A6255D242200E7D31F /* kenon */,
				8CBD10A5255D242200E7D31F /* Products */,
				0B36DC308D5CBE95C199BF1D /* Pods */,
				4B64A537D13758163DCA8446 /* Frameworks */,
			);
			sourceTree = "<group>";
		};
		8CBD10A5255D242200E7D31F /* Products */ = {
			isa = PBXGroup;
			children = (
				8CBD10A4255D242200E7D31F /* kenon.app */,
			);
			name = Products;
			sourceTree = "<group>";
		};
		8CBD10A6255D242200E7D31F /* kenon */ = {
			isa = PBXGroup;
			children = (
				8CBD10A7255D242200E7D31F /* AppDelegate.swift */,
				8CBD10A9255D242200E7D31F /* SceneDelegate.swift */,
				8CBD10AB255D242200E7D31F /* ViewController.swift */,
				8CBD10AD255D242200E7D31F /* Main.storyboard */,
				8CC1E7EC258D8144006BAE1C /* tabViewController.swift */,
				8C3008FC258AFFC800EDCF44 /* johoViewController.swift */,
				8C35493F257A2349005A84D8 /* calViewController.swift */,
				8C35493A257765C5005A84D8 /* qrViewController.swift */,
				8CBD10B0255D242400E7D31F /* Assets.xcassets */,
				8CBD10B2255D242400E7D31F /* LaunchScreen.storyboard */,
				8CBD10B5255D242400E7D31F /* Info.plist */,
			);
			path = kenon;
			sourceTree = "<group>";
		};
/* End PBXGroup section */

/* Begin PBXNativeTarget section */
		8CBD10A3255D242200E7D31F /* kenon */ = {
			isa = PBXNativeTarget;
			buildConfigurationList = 8CBD10B8255D242400E7D31F /* Build configuration list for PBXNativeTarget "kenon" */;
			buildPhases = (
				6BD6E4EC3C7B5B85C42B44BD /* [CP] Check Pods Manifest.lock */,
				8CBD10A0255D242200E7D31F /* Sources */,
				8CBD10A1255D242200E7D31F /* Frameworks */,
				8CBD10A2255D242200E7D31F /* Resources */,
				5350A9C3A88FC5B2A8A799A5 /* [CP] Embed Pods Frameworks */,
			);
			buildRules = (
			);
			dependencies = (
			);
			name = kenon;
			productName = kenon;
			productReference = 8CBD10A4255D242200E7D31F /* kenon.app */;
			productType = "com.apple.product-type.application";
		};
/* End PBXNativeTarget section */

/* Begin PBXProject section */
		8CBD109C255D242200E7D31F /* Project object */ = {
			isa = PBXProject;
			attributes = {
				LastSwiftUpdateCheck = 1220;
				LastUpgradeCheck = 1220;
				TargetAttributes = {
					8CBD10A3255D242200E7D31F = {
						CreatedOnToolsVersion = 12.2;
					};
				};
			};
			buildConfigurationList = 8CBD109F255D242200E7D31F /* Build configuration list for PBXProject "kenon" */;
			compatibilityVersion = "Xcode 12.0";
			developmentRegion = en;
			hasScannedForEncodings = 0;
			knownRegions = (
				en,
				Base,
			);
			mainGroup = 8CBD109B255D242200E7D31F;
			productRefGroup = 8CBD10A5255D242200E7D31F /* Products */;
			projectDirPath = "";
			projectRoot = "";
			targets = (
				8CBD10A3255D242200E7D31F /* kenon */,
			);
		};
/* End PBXProject section */

/* Begin PBXResourcesBuildPhase section */
		8CBD10A2255D242200E7D31F /* Resources */ = {
			isa = PBXResourcesBuildPhase;
			buildActionMask = 2147483647;
			files = (
				8CBD10B4255D242400E7D31F /* LaunchScreen.storyboard in Resources */,
				8CBD10B1255D242400E7D31F /* Assets.xcassets in Resources */,
				8CBD10AF255D242200E7D31F /* Main.storyboard in Resources */,
			);
			runOnlyForDeploymentPostprocessing = 0;
		};
/* End PBXResourcesBuildPhase section */

/* Begin PBXShellScriptBuildPhase section */
		5350A9C3A88FC5B2A8A799A5 /* [CP] Embed Pods Frameworks */ = {
			isa = PBXShellScriptBuildPhase;
			buildActionMask = 2147483647;
			files = (
			);
			inputFileListPaths = (
				"${PODS_ROOT}/Target Support Files/Pods-kenon/Pods-kenon-frameworks-${CONFIGURATION}-input-files.xcfilelist",
			);
			name = "[CP] Embed Pods Frameworks";
			outputFileListPaths = (
				"${PODS_ROOT}/Target Support Files/Pods-kenon/Pods-kenon-frameworks-${CONFIGURATION}-output-files.xcfilelist",
			);
			runOnlyForDeploymentPostprocessing = 0;
			shellPath = /bin/sh;
			shellScript = "\"${PODS_ROOT}/Target Support Files/Pods-kenon/Pods-kenon-frameworks.sh\"\n";
			showEnvVarsInLog = 0;
		};
		6BD6E4EC3C7B5B85C42B44BD /* [CP] Check Pods Manifest.lock */ = {
			isa = PBXShellScriptBuildPhase;
			buildActionMask = 2147483647;
			files = (
			);
			inputFileListPaths = (
			);
			inputPaths = (
				"${PODS_PODFILE_DIR_PATH}/Podfile.lock",
				"${PODS_ROOT}/Manifest.lock",
			);
			name = "[CP] Check Pods Manifest.lock";
			outputFileListPaths = (
			);
			outputPaths = (
				"$(DERIVED_FILE_DIR)/Pods-kenon-checkManifestLockResult.txt",
			);
			runOnlyForDeploymentPostprocessing = 0;
			shellPath = /bin/sh;
			shellScript = "diff \"${PODS_PODFILE_DIR_PATH}/Podfile.lock\" \"${PODS_ROOT}/Manifest.lock\" > /dev/null\nif [ $? != 0 ] ; then\n    # print error to STDERR\n    echo \"error: The sandbox is not in sync with the Podfile.lock. Run 'pod install' or update your CocoaPods installation.\" >&2\n    exit 1\nfi\n# This output is used by Xcode 'outputs' to avoid re-running this script phase.\necho \"SUCCESS\" > \"${SCRIPT_OUTPUT_FILE_0}\"\n";
			showEnvVarsInLog = 0;
		};
/* End PBXShellScriptBuildPhase section */

/* Begin PBXSourcesBuildPhase section */
		8CBD10A0255D242200E7D31F /* Sources */ = {
			isa = PBXSourcesBuildPhase;
			buildActionMask = 2147483647;
			files = (
				8CBD10AC255D242200E7D31F /* ViewController.swift in Sources */,
				8CC1E7ED258D8144006BAE1C /* tabViewController.swift in Sources */,
				8CBD10A8255D242200E7D31F /* AppDelegate.swift in Sources */,
				8C3008FD258AFFC800EDCF44 /* johoViewController.swift in Sources */,
				8CBD10AA255D242200E7D31F /* SceneDelegate.swift in Sources */,
				8C35493B257765C5005A84D8 /* qrViewController.swift in Sources */,
				8C354940257A2349005A84D8 /* calViewController.swift in Sources */,
			);
			runOnlyForDeploymentPostprocessing = 0;
		};
/* End PBXSourcesBuildPhase section */

/* Begin PBXVariantGroup section */
		8CBD10AD255D242200E7D31F /* Main.storyboard */ = {
			isa = PBXVariantGroup;
			children = (
				8CBD10AE255D242200E7D31F /* Base */,
			);
			name = Main.storyboard;
			sourceTree = "<group>";
		};
		8CBD10B2255D242400E7D31F /* LaunchScreen.storyboard */ = {
			isa = PBXVariantGroup;
			children = (
				8CBD10B3255D242400E7D31F /* Base */,
			);
			name = LaunchScreen.storyboard;
			sourceTree = "<group>";
		};
/* End PBXVariantGroup section */

/* Begin XCBuildConfiguration section */
		8CBD10B6255D242400E7D31F /* Debug */ = {
			isa = XCBuildConfiguration;
			buildSettings = {
				ALWAYS_SEARCH_USER_PATHS = NO;
				CLANG_ANALYZER_NONNULL = YES;
				CLANG_ANALYZER_NUMBER_OBJECT_CONVERSION = YES_AGGRESSIVE;
				CLANG_CXX_LANGUAGE_STANDARD = "gnu++14";
				CLANG_CXX_LIBRARY = "libc++";
				CLANG_ENABLE_MODULES = YES;
				CLANG_ENABLE_OBJC_ARC = YES;
				CLANG_ENABLE_OBJC_WEAK = YES;
				CLANG_WARN_BLOCK_CAPTURE_AUTORELEASING = YES;
				CLANG_WARN_BOOL_CONVERSION = YES;
				CLANG_WARN_COMMA = YES;
				CLANG_WARN_CONSTANT_CONVERSION = YES;
				CLANG_WARN_DEPRECATED_OBJC_IMPLEMENTATIONS = YES;
				CLANG_WARN_DIRECT_OBJC_ISA_USAGE = YES_ERROR;
				CLANG_WARN_DOCUMENTATION_COMMENTS = YES;
				CLANG_WARN_EMPTY_BODY = YES;
				CLANG_WARN_ENUM_CONVERSION = YES;
				CLANG_WARN_INFINITE_RECURSION = YES;
				CLANG_WARN_INT_CONVERSION = YES;
				CLANG_WARN_NON_LITERAL_NULL_CONVERSION = YES;
				CLANG_WARN_OBJC_IMPLICIT_RETAIN_SELF = YES;
				CLANG_WARN_OBJC_LITERAL_CONVERSION = YES;
				CLANG_WARN_OBJC_ROOT_CLASS = YES_ERROR;
				CLANG_WARN_QUOTED_INCLUDE_IN_FRAMEWORK_HEADER = YES;
				CLANG_WARN_RANGE_LOOP_ANALYSIS = YES;
				CLANG_WARN_STRICT_PROTOTYPES = YES;
				CLANG_WARN_SUSPICIOUS_MOVE = YES;
				CLANG_WARN_UNGUARDED_AVAILABILITY = YES_AGGRESSIVE;
				CLANG_WARN_UNREACHABLE_CODE = YES;
				CLANG_WARN__DUPLICATE_METHOD_MATCH = YES;
				COPY_PHASE_STRIP = NO;
				DEBUG_INFORMATION_FORMAT = dwarf;
				ENABLE_STRICT_OBJC_MSGSEND = YES;
				ENABLE_TESTABILITY = YES;
				GCC_C_LANGUAGE_STANDARD = gnu11;
				GCC_DYNAMIC_NO_PIC = NO;
				GCC_NO_COMMON_BLOCKS = YES;
				GCC_OPTIMIZATION_LEVEL = 0;
				GCC_PREPROCESSOR_DEFINITIONS = (
					"DEBUG=1",
					"$(inherited)",
				);
				GCC_WARN_64_TO_32_BIT_CONVERSION = YES;
				GCC_WARN_ABOUT_RETURN_TYPE = YES_ERROR;
				GCC_WARN_UNDECLARED_SELECTOR = YES;
				GCC_WARN_UNINITIALIZED_AUTOS = YES_AGGRESSIVE;
				GCC_WARN_UNUSED_FUNCTION = YES;
				GCC_WARN_UNUSED_VARIABLE = YES;
				IPHONEOS_DEPLOYMENT_TARGET = 14.2;
				MTL_ENABLE_DEBUG_INFO = INCLUDE_SOURCE;
				MTL_FAST_MATH = YES;
				ONLY_ACTIVE_ARCH = YES;
				SDKROOT = iphoneos;
				SWIFT_ACTIVE_COMPILATION_CONDITIONS = DEBUG;
				SWIFT_OPTIMIZATION_LEVEL = "-Onone";
			};
			name = Debug;
		};
		8CBD10B7255D242400E7D31F /* Release */ = {
			isa = XCBuildConfiguration;
			buildSettings = {
				ALWAYS_SEARCH_USER_PATHS = NO;
				CLANG_ANALYZER_NONNULL = YES;
				CLANG_ANALYZER_NUMBER_OBJECT_CONVERSION = YES_AGGRESSIVE;
				CLANG_CXX_LANGUAGE_STANDARD = "gnu++14";
				CLANG_CXX_LIBRARY = "libc++";
				CLANG_ENABLE_MODULES = YES;
				CLANG_ENABLE_OBJC_ARC = YES;
				CLANG_ENABLE_OBJC_WEAK = YES;
				CLANG_WARN_BLOCK_CAPTURE_AUTORELEASING = YES;
				CLANG_WARN_BOOL_CONVERSION = YES;
				CLANG_WARN_COMMA = YES;
				CLANG_WARN_CONSTANT_CONVERSION = YES;
				CLANG_WARN_DEPRECATED_OBJC_IMPLEMENTATIONS = YES;
				CLANG_WARN_DIRECT_OBJC_ISA_USAGE = YES_ERROR;
				CLANG_WARN_DOCUMENTATION_COMMENTS = YES;
				CLANG_WARN_EMPTY_BODY = YES;
				CLANG_WARN_ENUM_CONVERSION = YES;
				CLANG_WARN_INFINITE_RECURSION = YES;
				CLANG_WARN_INT_CONVERSION = YES;
				CLANG_WARN_NON_LITERAL_NULL_CONVERSION = YES;
				CLANG_WARN_OBJC_IMPLICIT_RETAIN_SELF = YES;
				CLANG_WARN_OBJC_LITERAL_CONVERSION = YES;
				CLANG_WARN_OBJC_ROOT_CLASS = YES_ERROR;
				CLANG_WARN_QUOTED_INCLUDE_IN_FRAMEWORK_HEADER = YES;
				CLANG_WARN_RANGE_LOOP_ANALYSIS = YES;
				CLANG_WARN_STRICT_PROTOTYPES = YES;
				CLANG_WARN_SUSPICIOUS_MOVE = YES;
				CLANG_WARN_UNGUARDED_AVAILABILITY = YES_AGGRESSIVE;
				CLANG_WARN_UNREACHABLE_CODE = YES;
				CLANG_WARN__DUPLICATE_METHOD_MATCH = YES;
				COPY_PHASE_STRIP = NO;
				DEBUG_INFORMATION_FORMAT = "dwarf-with-dsym";
				ENABLE_NS_ASSERTIONS = NO;
				ENABLE_STRICT_OBJC_MSGSEND = YES;
				GCC_C_LANGUAGE_STANDARD = gnu11;
				GCC_NO_COMMON_BLOCKS = YES;
				GCC_WARN_64_TO_32_BIT_CONVERSION = YES;
				GCC_WARN_ABOUT_RETURN_TYPE = YES_ERROR;
				GCC_WARN_UNDECLARED_SELECTOR = YES;
				GCC_WARN_UNINITIALIZED_AUTOS = YES_AGGRESSIVE;
				GCC_WARN_UNUSED_FUNCTION = YES;
				GCC_WARN_UNUSED_VARIABLE = YES;
				IPHONEOS_DEPLOYMENT_TARGET = 14.2;
				MTL_ENABLE_DEBUG_INFO = NO;
				MTL_FAST_MATH = YES;
				SDKROOT = iphoneos;
				SWIFT_COMPILATION_MODE = wholemodule;
				SWIFT_OPTIMIZATION_LEVEL = "-O";
				VALIDATE_PRODUCT = YES;
			};
			name = Release;
		};
		8CBD10B9255D242400E7D31F /* Debug */ = {
			isa = XCBuildConfiguration;
			baseConfigurationReference = AC5A0334A10ABD9004E85242 /* Pods-kenon.debug.xcconfig */;
			buildSettings = {
				ASSETCATALOG_COMPILER_APPICON_NAME = AppIcon;
				ASSETCATALOG_COMPILER_GLOBAL_ACCENT_COLOR_NAME = AccentColor;
				CODE_SIGN_STYLE = Automatic;
				DEVELOPMENT_TEAM = 7P2TPNS7K7;
				INFOPLIST_FILE = kenon/Info.plist;
				LD_RUNPATH_SEARCH_PATHS = (
					"$(inherited)",
					"@executable_path/Frameworks",
				);
				PRODUCT_BUNDLE_IDENTIFIER = ag.kenon;
				PRODUCT_NAME = "$(TARGET_NAME)";
				SWIFT_VERSION = 5.0;
				TARGETED_DEVICE_FAMILY = "1,2";
			};
			name = Debug;
		};
		8CBD10BA255D242400E7D31F /* Release */ = {
			isa = XCBuildConfiguration;
			baseConfigurationReference = AEA73E0EC1D91A3366855A0F /* Pods-kenon.release.xcconfig */;
			buildSettings = {
				ASSETCATALOG_COMPILER_APPICON_NAME = AppIcon;
				ASSETCATALOG_COMPILER_GLOBAL_ACCENT_COLOR_NAME = AccentColor;
				CODE_SIGN_STYLE = Automatic;
				DEVELOPMENT_TEAM = 7P2TPNS7K7;
				INFOPLIST_FILE = kenon/Info.plist;
				LD_RUNPATH_SEARCH_PATHS = (
					"$(inherited)",
					"@executable_path/Frameworks",
				);
				PRODUCT_BUNDLE_IDENTIFIER = ag.kenon;
				PRODUCT_NAME = "$(TARGET_NAME)";
				SWIFT_VERSION = 5.0;
				TARGETED_DEVICE_FAMILY = "1,2";
			};
			name = Release;
		};
/* End XCBuildConfiguration section */

/* Begin XCConfigurationList section */
		8CBD109F255D242200E7D31F /* Build configuration list for PBXProject "kenon" */ = {
			isa = XCConfigurationList;
			buildConfigurations = (
				8CBD10B6255D242400E7D31F /* Debug */,
				8CBD10B7255D242400E7D31F /* Release */,
			);
			defaultConfigurationIsVisible = 0;
			defaultConfigurationName = Release;
		};
		8CBD10B8255D242400E7D31F /* Build configuration list for PBXNativeTarget "kenon" */ = {
			isa = XCConfigurationList;
			buildConfigurations = (
				8CBD10B9255D242400E7D31F /* Debug */,
				8CBD10BA255D242400E7D31F /* Release */,
			);
			defaultConfigurationIsVisible = 0;
			defaultConfigurationName = Release;
		};
/* End XCConfigurationList section */
	};
	rootObject = 8CBD109C255D242200E7D31F /* Project object */;
}
