PODS:
  - FSCalendar (2.8.2)

DEPENDENCIES:
  - FSCalendar (from `https://github.com/WenchaoD/FSCalendar`)

EXTERNAL SOURCES:
  FSCalendar:
    :git: https://github.com/WenchaoD/FSCalendar

CHECKOUT OPTIONS:
  FSCalendar:
    :commit: 4e79a201fad268408a4fd9e2ef429497def9594f
    :git: https://github.com/WenchaoD/FSCalendar

SPEC CHECKSUMS:
  FSCalendar: e6a2eb9c571bf0719ed797ef807e08426753c241

PODFILE CHECKSUM: 319e79268fcff199bd161865e1201c9691deae98

COCOAPODS: 1.10.0
